
Microsoft Visual Studio Solution File, Format Version 12.00
# Visual Studio Version 17
VisualStudioVersion = 17.0.31903.59
MinimumVisualStudioVersion = 10.0.40219.1
Project("{2150E333-8FDC-42A3-9474-1A3956D46DE8}") = "src", "src", "{827E0CD3-B72D-47B6-A68D-7590B98EB39B}"
EndProject
Project("{FAE04EC0-301F-11D3-BF4B-00C04F79EFBC}") = "PagaTo.Domain", "src\PagaTo.Domain\PagaTo.Domain.csproj", "{1B3DF8C9-AE1D-40C4-9DB2-0720D7FAC21B}"
EndProject
Project("{FAE04EC0-301F-11D3-BF4B-00C04F79EFBC}") = "PagaTo.Application", "src\PagaTo.Application\PagaTo.Application.csproj", "{F96CCEB7-E9C1-4E3A-A7B1-B4D19B1DCE9D}"
EndProject
Project("{FAE04EC0-301F-11D3-BF4B-00C04F79EFBC}") = "PagaTo.Infrastructure", "src\PagaTo.Infrastructure\PagaTo.Infrastructure.csproj", "{A166EEC2-D2D0-40B0-844A-AD707E32BA57}"
EndProject
Project("{FAE04EC0-301F-11D3-BF4B-00C04F79EFBC}") = "PagaTo.Api", "src\PagaTo.Api\PagaTo.Api.csproj", "{3E4D2FC6-6B9A-4A9F-9092-5926DD8659FC}"
EndProject
Project("{2150E333-8FDC-42A3-9474-1A3956D46DE8}") = "tests", "tests", "{0AB3BF05-4346-4AA6-1389-037BE0695223}"
EndProject
Project("{FAE04EC0-301F-11D3-BF4B-00C04F79EFBC}") = "PagaTo.Domain.Tests", "tests\PagaTo.Domain.Tests\PagaTo.Domain.Tests.csproj", "{785B4C68-A3A4-4DB3-A587-C35AEA1DAAE5}"
EndProject
Project("{FAE04EC0-301F-11D3-BF4B-00C04F79EFBC}") = "PagaTo.Application.Tests", "tests\PagaTo.Application.Tests\PagaTo.Application.Tests.csproj", "{19E72B87-919C-4C99-8F52-E3CD531A5E86}"
EndProject
Project("{FAE04EC0-301F-11D3-BF4B-00C04F79EFBC}") = "PagaTo.IntegrationTests", "tests\PagaTo.IntegrationTests\PagaTo.IntegrationTests.csproj", "{2A6B2031-336E-4B32-BA01-A6A81D0D4848}"
EndProject
Global
	GlobalSection(SolutionConfigurationPlatforms) = preSolution
		Debug|Any CPU = Debug|Any CPU
		Debug|x64 = Debug|x64
		Debug|x86 = Debug|x86
		Release|Any CPU = Release|Any CPU
		Release|x64 = Release|x64
		Release|x86 = Release|x86
	EndGlobalSection
	GlobalSection(ProjectConfigurationPlatforms) = postSolution
		{1B3DF8C9-AE1D-40C4-9DB2-0720D7FAC21B}.Debug|Any CPU.ActiveCfg = Debug|Any CPU
		{1B3DF8C9-AE1D-40C4-9DB2-0720D7FAC21B}.Debug|Any CPU.Build.0 = Debug|Any CPU
		{1B3DF8C9-AE1D-40C4-9DB2-0720D7FAC21B}.Debug|x64.ActiveCfg = Debug|Any CPU
		{1B3DF8C9-AE1D-40C4-9DB2-0720D7FAC21B}.Debug|x64.Build.0 = Debug|Any CPU
		{1B3DF8C9-AE1D-40C4-9DB2-0720D7FAC21B}.Debug|x86.ActiveCfg = Debug|Any CPU
		{1B3DF8C9-AE1D-40C4-9DB2-0720D7FAC21B}.Debug|x86.Build.0 = Debug|Any CPU
		{1B3DF8C9-AE1D-40C4-9DB2-0720D7FAC21B}.Release|Any CPU.ActiveCfg = Release|Any CPU
		{1B3DF8C9-AE1D-40C4-9DB2-0720D7FAC21B}.Release|Any CPU.Build.0 = Release|Any CPU
		{1B3DF8C9-AE1D-40C4-9DB2-0720D7FAC21B}.Release|x64.ActiveCfg = Release|Any CPU
		{1B3DF8C9-AE1D-40C4-9DB2-0720D7FAC21B}.Release|x64.Build.0 = Release|Any CPU
		{1B3DF8C9-AE1D-40C4-9DB2-0720D7FAC21B}.Release|x86.ActiveCfg = Release|Any CPU
		{1B3DF8C9-AE1D-40C4-9DB2-0720D7FAC21B}.Release|x86.Build.0 = Release|Any CPU
		{F96CCEB7-E9C1-4E3A-A7B1-B4D19B1DCE9D}.Debug|Any CPU.ActiveCfg = Debug|Any CPU
		{F96CCEB7-E9C1-4E3A-A7B1-B4D19B1DCE9D}.Debug|Any CPU.Build.0 = Debug|Any CPU
		{F96CCEB7-E9C1-4E3A-A7B1-B4D19B1DCE9D}.Debug|x64.ActiveCfg = Debug|Any CPU
		{F96CCEB7-E9C1-4E3A-A7B1-B4D19B1DCE9D}.Debug|x64.Build.0 = Debug|Any CPU
		{F96CCEB7-E9C1-4E3A-A7B1-B4D19B1DCE9D}.Debug|x86.ActiveCfg = Debug|Any CPU
		{F96CCEB7-E9C1-4E3A-A7B1-B4D19B1DCE9D}.Debug|x86.Build.0 = Debug|Any CPU
		{F96CCEB7-E9C1-4E3A-A7B1-B4D19B1DCE9D}.Release|Any CPU.ActiveCfg = Release|Any CPU
		{F96CCEB7-E9C1-4E3A-A7B1-B4D19B1DCE9D}.Release|Any CPU.Build.0 = Release|Any CPU
		{F96CCEB7-E9C1-4E3A-A7B1-B4D19B1DCE9D}.Release|x64.ActiveCfg = Release|Any CPU
		{F96CCEB7-E9C1-4E3A-A7B1-B4D19B1DCE9D}.Release|x64.Build.0 = Release|Any CPU
		{F96CCEB7-E9C1-4E3A-A7B1-B4D19B1DCE9D}.Release|x86.ActiveCfg = Release|Any CPU
		{F96CCEB7-E9C1-4E3A-A7B1-B4D19B1DCE9D}.Release|x86.Build.0 = Release|Any CPU
		{A166EEC2-D2D0-40B0-844A-AD707E32BA57}.Debug|Any CPU.ActiveCfg = Debug|Any CPU
		{A166EEC2-D2D0-40B0-844A-AD707E32BA57}.Debug|Any CPU.Build.0 = Debug|Any CPU
		{A166EEC2-D2D0-40B0-844A-AD707E32BA57}.Debug|x64.ActiveCfg = Debug|Any CPU
		{A166EEC2-D2D0-40B0-844A-AD707E32BA57}.Debug|x64.Build.0 = Debug|Any CPU
		{A166EEC2-D2D0-40B0-844A-AD707E32BA57}.Debug|x86.ActiveCfg = Debug|Any CPU
		{A166EEC2-D2D0-40B0-844A-AD707E32BA57}.Debug|x86.Build.0 = Debug|Any CPU
		{A166EEC2-D2D0-40B0-844A-AD707E32BA57}.Release|Any CPU.ActiveCfg = Release|Any CPU
		{A166EEC2-D2D0-40B0-844A-AD707E32BA57}.Release|Any CPU.Build.0 = Release|Any CPU
		{A166EEC2-D2D0-40B0-844A-AD707E32BA57}.Release|x64.ActiveCfg = Release|Any CPU
		{A166EEC2-D2D0-40B0-844A-AD707E32BA57}.Release|x64.Build.0 = Release|Any CPU
		{A166EEC2-D2D0-40B0-844A-AD707E32BA57}.Release|x86.ActiveCfg = Release|Any CPU
		{A166EEC2-D2D0-40B0-844A-AD707E32BA57}.Release|x86.Build.0 = Release|Any CPU
		{3E4D2FC6-6B9A-4A9F-9092-5926DD8659FC}.Debug|Any CPU.ActiveCfg = Debug|Any CPU
		{3E4D2FC6-6B9A-4A9F-9092-5926DD8659FC}.Debug|Any CPU.Build.0 = Debug|Any CPU
		{3E4D2FC6-6B9A-4A9F-9092-5926DD8659FC}.Debug|x64.ActiveCfg = Debug|Any CPU
		{3E4D2FC6-6B9A-4A9F-9092-5926DD8659FC}.Debug|x64.Build.0 = Debug|Any CPU
		{3E4D2FC6-6B9A-4A9F-9092-5926DD8659FC}.Debug|x86.ActiveCfg = Debug|Any CPU
		{3E4D2FC6-6B9A-4A9F-9092-5926DD8659FC}.Debug|x86.Build.0 = Debug|Any CPU
		{3E4D2FC6-6B9A-4A9F-9092-5926DD8659FC}.Release|Any CPU.ActiveCfg = Release|Any CPU
		{3E4D2FC6-6B9A-4A9F-9092-5926DD8659FC}.Release|Any CPU.Build.0 = Release|Any CPU
		{3E4D2FC6-6B9A-4A9F-9092-5926DD8659FC}.Release|x64.ActiveCfg = Release|Any CPU
		{3E4D2FC6-6B9A-4A9F-9092-5926DD8659FC}.Release|x64.Build.0 = Release|Any CPU
		{3E4D2FC6-6B9A-4A9F-9092-5926DD8659FC}.Release|x86.ActiveCfg = Release|Any CPU
		{3E4D2FC6-6B9A-4A9F-9092-5926DD8659FC}.Release|x86.Build.0 = Release|Any CPU
		{785B4C68-A3A4-4DB3-A587-C35AEA1DAAE5}.Debug|Any CPU.ActiveCfg = Debug|Any CPU
		{785B4C68-A3A4-4DB3-A587-C35AEA1DAAE5}.Debug|Any CPU.Build.0 = Debug|Any CPU
		{785B4C68-A3A4-4DB3-A587-C35AEA1DAAE5}.Debug|x64.ActiveCfg = Debug|Any CPU
		{785B4C68-A3A4-4DB3-A587-C35AEA1DAAE5}.Debug|x64.Build.0 = Debug|Any CPU
		{785B4C68-A3A4-4DB3-A587-C35AEA1DAAE5}.Debug|x86.ActiveCfg = Debug|Any CPU
		{785B4C68-A3A4-4DB3-A587-C35AEA1DAAE5}.Debug|x86.Build.0 = Debug|Any CPU
		{785B4C68-A3A4-4DB3-A587-C35AEA1DAAE5}.Release|Any CPU.ActiveCfg = Release|Any CPU
		{785B4C68-A3A4-4DB3-A587-C35AEA1DAAE5}.Release|Any CPU.Build.0 = Release|Any CPU
		{785B4C68-A3A4-4DB3-A587-C35AEA1DAAE5}.Release|x64.ActiveCfg = Release|Any CPU
		{785B4C68-A3A4-4DB3-A587-C35AEA1DAAE5}.Release|x64.Build.0 = Release|Any CPU
		{785B4C68-A3A4-4DB3-A587-C35AEA1DAAE5}.Release|x86.ActiveCfg = Release|Any CPU
		{785B4C68-A3A4-4DB3-A587-C35AEA1DAAE5}.Release|x86.Build.0 = Release|Any CPU
		{19E72B87-919C-4C99-8F52-E3CD531A5E86}.Debug|Any CPU.ActiveCfg = Debug|Any CPU
		{19E72B87-919C-4C99-8F52-E3CD531A5E86}.Debug|Any CPU.Build.0 = Debug|Any CPU
		{19E72B87-919C-4C99-8F52-E3CD531A5E86}.Debug|x64.ActiveCfg = Debug|Any CPU
		{19E72B87-919C-4C99-8F52-E3CD531A5E86}.Debug|x64.Build.0 = Debug|Any CPU
		{19E72B87-919C-4C99-8F52-E3CD531A5E86}.Debug|x86.ActiveCfg = Debug|Any CPU
		{19E72B87-919C-4C99-8F52-E3CD531A5E86}.Debug|x86.Build.0 = Debug|Any CPU
		{19E72B87-919C-4C99-8F52-E3CD531A5E86}.Release|Any CPU.ActiveCfg = Release|Any CPU
		{19E72B87-919C-4C99-8F52-E3CD531A5E86}.Release|Any CPU.Build.0 = Release|Any CPU
		{19E72B87-919C-4C99-8F52-E3CD531A5E86}.Release|x64.ActiveCfg = Release|Any CPU
		{19E72B87-919C-4C99-8F52-E3CD531A5E86}.Release|x64.Build.0 = Release|Any CPU
		{19E72B87-919C-4C99-8F52-E3CD531A5E86}.Release|x86.ActiveCfg = Release|Any CPU
		{19E72B87-919C-4C99-8F52-E3CD531A5E86}.Release|x86.Build.0 = Release|Any CPU
		{2A6B2031-336E-4B32-BA01-A6A81D0D4848}.Debug|Any CPU.ActiveCfg = Debug|Any CPU
		{2A6B2031-336E-4B32-BA01-A6A81D0D4848}.Debug|Any CPU.Build.0 = Debug|Any CPU
		{2A6B2031-336E-4B32-BA01-A6A81D0D4848}.Debug|x64.ActiveCfg = Debug|Any CPU
		{2A6B2031-336E-4B32-BA01-A6A81D0D4848}.Debug|x64.Build.0 = Debug|Any CPU
		{2A6B2031-336E-4B32-BA01-A6A81D0D4848}.Debug|x86.ActiveCfg = Debug|Any CPU
		{2A6B2031-336E-4B32-BA01-A6A81D0D4848}.Debug|x86.Build.0 = Debug|Any CPU
		{2A6B2031-336E-4B32-BA01-A6A81D0D4848}.Release|Any CPU.ActiveCfg = Release|Any CPU
		{2A6B2031-336E-4B32-BA01-A6A81D0D4848}.Release|Any CPU.Build.0 = Release|Any CPU
		{2A6B2031-336E-4B32-BA01-A6A81D0D4848}.Release|x64.ActiveCfg = Release|Any CPU
		{2A6B2031-336E-4B32-BA01-A6A81D0D4848}.Release|x64.Build.0 = Release|Any CPU
		{2A6B2031-336E-4B32-BA01-A6A81D0D4848}.Release|x86.ActiveCfg = Release|Any CPU
		{2A6B2031-336E-4B32-BA01-A6A81D0D4848}.Release|x86.Build.0 = Release|Any CPU
	EndGlobalSection
	GlobalSection(SolutionProperties) = preSolution
		HideSolutionNode = FALSE
	EndGlobalSection
	GlobalSection(NestedProjects) = preSolution
		{1B3DF8C9-AE1D-40C4-9DB2-0720D7FAC21B} = {827E0CD3-B72D-47B6-A68D-7590B98EB39B}
		{F96CCEB7-E9C1-4E3A-A7B1-B4D19B1DCE9D} = {827E0CD3-B72D-47B6-A68D-7590B98EB39B}
		{A166EEC2-D2D0-40B0-844A-AD707E32BA57} = {827E0CD3-B72D-47B6-A68D-7590B98EB39B}
		{3E4D2FC6-6B9A-4A9F-9092-5926DD8659FC} = {827E0CD3-B72D-47B6-A68D-7590B98EB39B}
		{785B4C68-A3A4-4DB3-A587-C35AEA1DAAE5} = {0AB3BF05-4346-4AA6-1389-037BE0695223}
		{19E72B87-919C-4C99-8F52-E3CD531A5E86} = {0AB3BF05-4346-4AA6-1389-037BE0695223}
		{2A6B2031-336E-4B32-BA01-A6A81D0D4848} = {0AB3BF05-4346-4AA6-1389-037BE0695223}
	EndGlobalSection
EndGlobal
